{
  "originHash" : "f43a30c53c8cb7dcf4a4fba23acce3152d152100dcc2b8f71106be780432a901",
  "pins" : [
    {
      "identity" : "capacitor-swift-pm",
      "kind" : "remoteSourceControl",
      "location" : "https://github.com/ionic-team/capacitor-swift-pm.git",
      "state" : {
        "revision" : "1f324fe7bdbdc8c5cc28bea48a231545a8c2e823",
        "version" : "8.1.0"
      }
    }
  ],
  "version" : 3
}
